// !$*UTF8*$!
{
	archiveVersion = 1;
	classes = {
	};
	objectVersion = 50;
	objects = {

/* Begin PBXBuildFile section */
		556FF9FF2CE6C1FC600C79C3 /* Pods_audioo.framework in Frameworks */ = {isa = PBXBuildFile; fileRef = 0E13AFAE0E759DF0DD7B66A1 /* Pods_audioo.framework */; };
		807F12B0254ADF9000B9753E /* AppDelegate.swift in Sources */ = {isa = PBXBuildFile; fileRef = 807F12AF254ADF9000B9753E /* AppDelegate.swift */; };
		807F12B2254ADF9000B9753E /* SceneDelegate.swift in Sources */ = {isa = PBXBuildFile; fileRef = 807F12B1254ADF9000B9753E /* SceneDelegate.swift */; };
		807F12B4254ADF9000B9753E /* ViewController.swift in Sources */ = {isa = PBXBuildFile; fileRef = 807F12B3254ADF9000B9753E /* ViewController.swift */; };
		807F12B7254ADF9000B9753E /* Main.storyboard in Resources */ = {isa = PBXBuildFile; fileRef = 807F12B5254ADF9000B9753E /* Main.storyboard */; };
		807F12BA254ADF9000B9753E /* audioo.xcdatamodeld in Sources */ = {isa = PBXBuildFile; fileRef = 807F12B8254ADF9000B9753E /* audioo.xcdatamodeld */; };
		807F12BC254ADF9000B9753E /* Assets.xcassets in Resources */ = {isa = PBXBuildFile; fileRef = 807F12BB254ADF9000B9753E /* Assets.xcassets */; };
		807F12BF254ADF9000B9753E /* LaunchScreen.storyboard in Resources */ = {isa = PBXBuildFile; fileRef = 807F12BD254ADF9000B9753E /* LaunchScreen.storyboard */; };
/* End PBXBuildFile section */

/* Begin PBXFileReference section */
		0E13AFAE0E759DF0DD7B66A1 /* Pods_audioo.framework */ = {isa = PBXFileReference; explicitFileType = wrapper.framework; includeInIndex = 0; path = Pods_audioo.framework; sourceTree = BUILT_PRODUCTS_DIR; };
		3665D1BF340F88F51DDC74A8 /* Pods-audioo.release.xcconfig */ = {isa = PBXFileReference; includeInIndex = 1; lastKnownFileType = text.xcconfig; name = "Pods-audioo.release.xcconfig"; path = "Target Support Files/Pods-audioo/Pods-audioo.release.xcconfig"; sourceTree = "<group>"; };
		537ABD573CB02028077FEDDF /* Pods-audioo.debug.xcconfig */ = {isa = PBXFileReference; includeInIndex = 1; lastKnownFileType = text.xcconfig; name = "Pods-audioo.debug.xcconfig"; path = "Target Support Files/Pods-audioo/Pods-audioo.debug.xcconfig"; sourceTree = "<group>"; };
		807F12AC254ADF9000B9753E /* audioo.app */ = {isa = PBXFileReference; explicitFileType = wrapper.application; includeInIndex = 0; path = audioo.app; sourceTree = BUILT_PRODUCTS_DIR; };
		807F12AF254ADF9000B9753E /* AppDelegate.swift */ = {isa = PBXFileReference; lastKnownFileType = sourcecode.swift; path = AppDelegate.swift; sourceTree = "<group>"; };
		807F12B1254ADF9000B9753E /* SceneDelegate.swift */ = {isa = PBXFileReference; lastKnownFileType = sourcecode.swift; path = SceneDelegate.swift; sourceTree = "<group>"; };
		807F12B3254ADF9000B9753E /* ViewController.swift */ = {isa = PBXFileReference; lastKnownFileType = sourcecode.swift; path = ViewController.swift; sourceTree = "<group>"; };
		807F12B6254ADF9000B9753E /* Base */ = {isa = PBXFileReference; lastKnownFileType = file.storyboard; name = Base; path = Base.lproj/Main.storyboard; sourceTree = "<group>"; };
		807F12B9254ADF9000B9753E /* audioo.xcdatamodel */ = {isa = PBXFileReference; lastKnownFileType = wrapper.xcdatamodel; path = audioo.xcdatamodel; sourceTree = "<group>"; };
		807F12BB254ADF9000B9753E /* Assets.xcassets */ = {isa = PBXFileReference; lastKnownFileType = folder.assetcatalog; path = Assets.xcassets; sourceTree = "<group>"; };
		807F12BE254ADF9000B9753E /* Base */ = {isa = PBXFileReference; lastKnownFileType = file.storyboard; name = Base; path = Base.lproj/LaunchScreen.storyboard; sourceTree = "<group>"; };
		807F12C0254ADF9000B9753E /* Info.plist */ = {isa = PBXFileReference; lastKnownFileType = text.plist.xml; path = Info.plist; sourceTree = "<group>"; };
/* End PBXFileReference section */

/* Begin PBXFrameworksBuildPhase section */
		807F12A9254ADF9000B9753E /* Frameworks */ = {
			isa = PBXFrameworksBuildPhase;
			buildActionMask = 2147483647;
			files = (
				556FF9FF2CE6C1FC600C79C3 /* Pods_audioo.framework in Frameworks */,
			);
			runOnlyForDeploymentPostprocessing = 0;
		};
/* End PBXFrameworksBuildPhase section */

/* Begin PBXGroup section */
		797096C2046607472289D71A /* Frameworks */ = {
			isa = PBXGroup;
			children = (
				0E13AFAE0E759DF0DD7B66A1 /* Pods_audioo.framework */,
			);
			name = Frameworks;
			sourceTree = "<group>";
		};
		807F12A3254ADF9000B9753E = {
			isa = PBXGroup;
			children = (
				807F12AE254ADF9000B9753E /* audioo */,
				807F12AD254ADF9000B9753E /* Products */,
				B40E83A7A8BB0023876B1D47 /* Pods */,
				797096C2046607472289D71A /* Frameworks */,
			);
			sourceTree = "<group>";
		};
		807F12AD254ADF9000B9753E /* Products */ = {
			isa = PBXGroup;
			children = (
				807F12AC254ADF9000B9753E /* audioo.app */,
			);
			name = Products;
			sourceTree = "<group>";
		};
		807F12AE254ADF9000B9753E /* audioo */ = {
			isa = PBXGroup;
			children = (
				807F12AF254ADF9000B9753E /* AppDelegate.swift */,
				807F12B1254ADF9000B9753E /* SceneDelegate.swift */,
				807F12B3254ADF9000B9753E /* ViewController.swift */,
				807F12B5254ADF9000B9753E /* Main.storyboard */,
				807F12BB254ADF9000B9753E /* Assets.xcassets */,
				807F12BD254ADF9000B9753E /* LaunchScreen.storyboard */,
				807F12C0254ADF9000B9753E /* Info.plist */,
				807F12B8254ADF9000B9753E /* audioo.xcdatamodeld */,
			);
			path = audioo;
			sourceTree = "<group>";
		};
		B40E83A7A8BB0023876B1D47 /* Pods */ = {
			isa = PBXGroup;
			children = (
				537ABD573CB02028077FEDDF /* Pods-audioo.debug.xcconfig */,
				3665D1BF340F88F51DDC74A8 /* Pods-audioo.release.xcconfig */,
			);
			name = Pods;
			path = Pods;
			sourceTree = "<group>";
		};
/* End PBXGroup section */

/* Begin PBXNativeTarget section */
		807F12AB254ADF9000B9753E /* audioo */ = {
			isa = PBXNativeTarget;
			buildConfigurationList = 807F12C3254ADF9000B9753E /* Build configuration list for PBXNativeTarget "audioo" */;
			buildPhases = (
				CF364E018F53CA39E6596152 /* [CP] Check Pods Manifest.lock */,
				807F12A8254ADF9000B9753E /* Sources */,
				807F12A9254ADF9000B9753E /* Frameworks */,
				807F12AA254ADF9000B9753E /* Resources */,
				9121CD30BE1021A0C4F8081F /* [CP] Embed Pods Frameworks */,
			);
			buildRules = (
			);
			dependencies = (
			);
			name = audioo;
			productName = audioo;
			productReference = 807F12AC254ADF9000B9753E /* audioo.app */;
			productType = "com.apple.product-type.application";
		};
/* End PBXNativeTarget section */

/* Begin PBXProject section */
		807F12A4254ADF9000B9753E /* Project object */ = {
			isa = PBXProject;
			attributes = {
				LastSwiftUpdateCheck = 1160;
				LastUpgradeCheck = 1160;
				ORGANIZATIONNAME = hafied;
				TargetAttributes = {
					807F12AB254ADF9000B9753E = {
						CreatedOnToolsVersion = 11.6;
					};
				};
			};
			buildConfigurationList = 807F12A7254ADF9000B9753E /* Build configuration list for PBXProject "audioo" */;
			compatibilityVersion = "Xcode 9.3";
			developmentRegion = en;
			hasScannedForEncodings = 0;
			knownRegions = (
				en,
				Base,
			);
			mainGroup = 807F12A3254ADF9000B9753E;
			productRefGroup = 807F12AD254ADF9000B9753E /* Products */;
			projectDirPath = "";
			projectRoot = "";
			targets = (
				807F12AB254ADF9000B9753E /* audioo */,
			);
		};
/* End PBXProject section */

/* Begin PBXResourcesBuildPhase section */
		807F12AA254ADF9000B9753E /* Resources */ = {
			isa = PBXResourcesBuildPhase;
			buildActionMask = 2147483647;
			files = (
				807F12BF254ADF9000B9753E /* LaunchScreen.storyboard in Resources */,
				807F12BC254ADF9000B9753E /* Assets.xcassets in Resources */,
				807F12B7254ADF9000B9753E /* Main.storyboard in Resources */,
			);
			runOnlyForDeploymentPostprocessing = 0;
		};
/* End PBXResourcesBuildPhase section */

/* Begin PBXShellScriptBuildPhase section */
		9121CD30BE1021A0C4F8081F /* [CP] Embed Pods Frameworks */ = {
			isa = PBXShellScriptBuildPhase;
			buildActionMask = 2147483647;
			files = (
			);
			inputFileListPaths = (
				"${PODS_ROOT}/Target Support Files/Pods-audioo/Pods-audioo-frameworks-${CONFIGURATION}-input-files.xcfilelist",
			);
			name = "[CP] Embed Pods Frameworks";
			outputFileListPaths = (
				"${PODS_ROOT}/Target Support Files/Pods-audioo/Pods-audioo-frameworks-${CONFIGURATION}-output-files.xcfilelist",
			);
			runOnlyForDeploymentPostprocessing = 0;
			shellPath = /bin/sh;
			shellScript = "\"${PODS_ROOT}/Target Support Files/Pods-audioo/Pods-audioo-frameworks.sh\"\n";
			showEnvVarsInLog = 0;
		};
		CF364E018F53CA39E6596152 /* [CP] Check Pods Manifest.lock */ = {
			isa = PBXShellScriptBuildPhase;
			buildActionMask = 2147483647;
			files = (
			);
			inputFileListPaths = (
			);
			inputPaths = (
				"${PODS_PODFILE_DIR_PATH}/Podfile.lock",
				"${PODS_ROOT}/Manifest.lock",
			);
			name = "[CP] Check Pods Manifest.lock";
			outputFileListPaths = (
			);
			outputPaths = (
				"$(DERIVED_FILE_DIR)/Pods-audioo-checkManifestLockResult.txt",
			);
			runOnlyForDeploymentPostprocessing = 0;
			shellPath = /bin/sh;
			shellScript = "diff \"${PODS_PODFILE_DIR_PATH}/Podfile.lock\" \"${PODS_ROOT}/Manifest.lock\" > /dev/null\nif [ $? != 0 ] ; then\n    # print error to STDERR\n    echo \"error: The sandbox is not in sync with the Podfile.lock. Run 'pod install' or update your CocoaPods installation.\" >&2\n    exit 1\nfi\n# This output is used by Xcode 'outputs' to avoid re-running this script phase.\necho \"SUCCESS\" > \"${SCRIPT_OUTPUT_FILE_0}\"\n";
			showEnvVarsInLog = 0;
		};
/* End PBXShellScriptBuildPhase section */

/* Begin PBXSourcesBuildPhase section */
		807F12A8254ADF9000B9753E /* Sources */ = {
			isa = PBXSourcesBuildPhase;
			buildActionMask = 2147483647;
			files = (
				807F12BA254ADF9000B9753E /* audioo.xcdatamodeld in Sources */,
				807F12B4254ADF9000B9753E /* ViewController.swift in Sources */,
				807F12B0254ADF9000B9753E /* AppDelegate.swift in Sources */,
				807F12B2254ADF9000B9753E /* SceneDelegate.swift in Sources */,
			);
			runOnlyForDeploymentPostprocessing = 0;
		};
/* End PBXSourcesBuildPhase section */

/* Begin PBXVariantGroup section */
		807F12B5254ADF9000B9753E /* Main.storyboard */ = {
			isa = PBXVariantGroup;
			children = (
				807F12B6254ADF9000B9753E /* Base */,
			);
			name = Main.storyboard;
			sourceTree = "<group>";
		};
		807F12BD254ADF9000B9753E /* LaunchScreen.storyboard */ = {
			isa = PBXVariantGroup;
			children = (
				807F12BE254ADF9000B9753E /* Base */,
			);
			name = LaunchScreen.storyboard;
			sourceTree = "<group>";
		};
/* End PBXVariantGroup section */

/* Begin XCBuildConfiguration section */
		807F12C1254ADF9000B9753E /* Debug */ = {
			isa = XCBuildConfiguration;
			buildSettings = {
				ALWAYS_SEARCH_USER_PATHS = NO;
				CLANG_ANALYZER_NONNULL = YES;
				CLANG_ANALYZER_NUMBER_OBJECT_CONVERSION = YES_AGGRESSIVE;
				CLANG_CXX_LANGUAGE_STANDARD = "gnu++14";
				CLANG_CXX_LIBRARY = "libc++";
				CLANG_ENABLE_MODULES = YES;
				CLANG_ENABLE_OBJC_ARC = YES;
				CLANG_ENABLE_OBJC_WEAK = YES;
				CLANG_WARN_BLOCK_CAPTURE_AUTORELEASING = YES;
				CLANG_WARN_BOOL_CONVERSION = YES;
				CLANG_WARN_COMMA = YES;
				CLANG_WARN_CONSTANT_CONVERSION = YES;
				CLANG_WARN_DEPRECATED_OBJC_IMPLEMENTATIONS = YES;
				CLANG_WARN_DIRECT_OBJC_ISA_USAGE = YES_ERROR;
				CLANG_WARN_DOCUMENTATION_COMMENTS = YES;
				CLANG_WARN_EMPTY_BODY = YES;
				CLANG_WARN_ENUM_CONVERSION = YES;
				CLANG_WARN_INFINITE_RECURSION = YES;
				CLANG_WARN_INT_CONVERSION = YES;
				CLANG_WARN_NON_LITERAL_NULL_CONVERSION = YES;
				CLANG_WARN_OBJC_IMPLICIT_RETAIN_SELF = YES;
				CLANG_WARN_OBJC_LITERAL_CONVERSION = YES;
				CLANG_WARN_OBJC_ROOT_CLASS = YES_ERROR;
				CLANG_WARN_RANGE_LOOP_ANALYSIS = YES;
				CLANG_WARN_STRICT_PROTOTYPES = YES;
				CLANG_WARN_SUSPICIOUS_MOVE = YES;
				CLANG_WARN_UNGUARDED_AVAILABILITY = YES_AGGRESSIVE;
				CLANG_WARN_UNREACHABLE_CODE = YES;
				CLANG_WARN__DUPLICATE_METHOD_MATCH = YES;
				COPY_PHASE_STRIP = NO;
				DEBUG_INFORMATION_FORMAT = dwarf;
				ENABLE_STRICT_OBJC_MSGSEND = YES;
				ENABLE_TESTABILITY = YES;
				GCC_C_LANGUAGE_STANDARD = gnu11;
				GCC_DYNAMIC_NO_PIC = NO;
				GCC_NO_COMMON_BLOCKS = YES;
				GCC_OPTIMIZATION_LEVEL = 0;
				GCC_PREPROCESSOR_DEFINITIONS = (
					"DEBUG=1",
					"$(inherited)",
				);
				GCC_WARN_64_TO_32_BIT_CONVERSION = YES;
				GCC_WARN_ABOUT_RETURN_TYPE = YES_ERROR;
				GCC_WARN_UNDECLARED_SELECTOR = YES;
				GCC_WARN_UNINITIALIZED_AUTOS = YES_AGGRESSIVE;
				GCC_WARN_UNUSED_FUNCTION = YES;
				GCC_WARN_UNUSED_VARIABLE = YES;
				IPHONEOS_DEPLOYMENT_TARGET = 13.6;
				MTL_ENABLE_DEBUG_INFO = INCLUDE_SOURCE;
				MTL_FAST_MATH = YES;
				ONLY_ACTIVE_ARCH = YES;
				SDKROOT = iphoneos;
				SWIFT_ACTIVE_COMPILATION_CONDITIONS = DEBUG;
				SWIFT_OPTIMIZATION_LEVEL = "-Onone";
			};
			name = Debug;
		};
		807F12C2254ADF9000B9753E /* Release */ = {
			isa = XCBuildConfiguration;
			buildSettings = {
				ALWAYS_SEARCH_USER_PATHS = NO;
				CLANG_ANALYZER_NONNULL = YES;
				CLANG_ANALYZER_NUMBER_OBJECT_CONVERSION = YES_AGGRESSIVE;
				CLANG_CXX_LANGUAGE_STANDARD = "gnu++14";
				CLANG_CXX_LIBRARY = "libc++";
				CLANG_ENABLE_MODULES = YES;
				CLANG_ENABLE_OBJC_ARC = YES;
				CLANG_ENABLE_OBJC_WEAK = YES;
				CLANG_WARN_BLOCK_CAPTURE_AUTORELEASING = YES;
				CLANG_WARN_BOOL_CONVERSION = YES;
				CLANG_WARN_COMMA = YES;
				CLANG_WARN_CONSTANT_CONVERSION = YES;
				CLANG_WARN_DEPRECATED_OBJC_IMPLEMENTATIONS = YES;
				CLANG_WARN_DIRECT_OBJC_ISA_USAGE = YES_ERROR;
				CLANG_WARN_DOCUMENTATION_COMMENTS = YES;
				CLANG_WARN_EMPTY_BODY = YES;
				CLANG_WARN_ENUM_CONVERSION = YES;
				CLANG_WARN_INFINITE_RECURSION = YES;
				CLANG_WARN_INT_CONVERSION = YES;
				CLANG_WARN_NON_LITERAL_NULL_CONVERSION = YES;
				CLANG_WARN_OBJC_IMPLICIT_RETAIN_SELF = YES;
				CLANG_WARN_OBJC_LITERAL_CONVERSION = YES;
				CLANG_WARN_OBJC_ROOT_CLASS = YES_ERROR;
				CLANG_WARN_RANGE_LOOP_ANALYSIS = YES;
				CLANG_WARN_STRICT_PROTOTYPES = YES;
				CLANG_WARN_SUSPICIOUS_MOVE = YES;
				CLANG_WARN_UNGUARDED_AVAILABILITY = YES_AGGRESSIVE;
				CLANG_WARN_UNREACHABLE_CODE = YES;
				CLANG_WARN__DUPLICATE_METHOD_MATCH = YES;
				COPY_PHASE_STRIP = NO;
				DEBUG_INFORMATION_FORMAT = "dwarf-with-dsym";
				ENABLE_NS_ASSERTIONS = NO;
				ENABLE_STRICT_OBJC_MSGSEND = YES;
				GCC_C_LANGUAGE_STANDARD = gnu11;
				GCC_NO_COMMON_BLOCKS = YES;
				GCC_WARN_64_TO_32_BIT_CONVERSION = YES;
				GCC_WARN_ABOUT_RETURN_TYPE = YES_ERROR;
				GCC_WARN_UNDECLARED_SELECTOR = YES;
				GCC_WARN_UNINITIALIZED_AUTOS = YES_AGGRESSIVE;
				GCC_WARN_UNUSED_FUNCTION = YES;
				GCC_WARN_UNUSED_VARIABLE = YES;
				IPHONEOS_DEPLOYMENT_TARGET = 13.6;
				MTL_ENABLE_DEBUG_INFO = NO;
				MTL_FAST_MATH = YES;
				SDKROOT = iphoneos;
				SWIFT_COMPILATION_MODE = wholemodule;
				SWIFT_OPTIMIZATION_LEVEL = "-O";
				VALIDATE_PRODUCT = YES;
			};
			name = Release;
		};
		807F12C4254ADF9000B9753E /* Debug */ = {
			isa = XCBuildConfiguration;
			baseConfigurationReference = 537ABD573CB02028077FEDDF /* Pods-audioo.debug.xcconfig */;
			buildSettings = {
				ASSETCATALOG_COMPILER_APPICON_NAME = AppIcon;
				CODE_SIGN_STYLE = Automatic;
				DEVELOPMENT_TEAM = PSV5RNSML2;
				INFOPLIST_FILE = audioo/Info.plist;
				LD_RUNPATH_SEARCH_PATHS = (
					"$(inherited)",
					"@executable_path/Frameworks",
				);
				PRODUCT_BUNDLE_IDENTIFIER = com.hafied.audioo;
				PRODUCT_NAME = "$(TARGET_NAME)";
				SWIFT_VERSION = 5.0;
				TARGETED_DEVICE_FAMILY = "1,2";
			};
			name = Debug;
		};
		807F12C5254ADF9000B9753E /* Release */ = {
			isa = XCBuildConfiguration;
			baseConfigurationReference = 3665D1BF340F88F51DDC74A8 /* Pods-audioo.release.xcconfig */;
			buildSettings = {
				ASSETCATALOG_COMPILER_APPICON_NAME = AppIcon;
				CODE_SIGN_STYLE = Automatic;
				DEVELOPMENT_TEAM = PSV5RNSML2;
				INFOPLIST_FILE = audioo/Info.plist;
				LD_RUNPATH_SEARCH_PATHS = (
					"$(inherited)",
					"@executable_path/Frameworks",
				);
				PRODUCT_BUNDLE_IDENTIFIER = com.hafied.audioo;
				PRODUCT_NAME = "$(TARGET_NAME)";
				SWIFT_VERSION = 5.0;
				TARGETED_DEVICE_FAMILY = "1,2";
			};
			name = Release;
		};
/* End XCBuildConfiguration section */

/* Begin XCConfigurationList section */
		807F12A7254ADF9000B9753E /* Build configuration list for PBXProject "audioo" */ = {
			isa = XCConfigurationList;
			buildConfigurations = (
				807F12C1254ADF9000B9753E /* Debug */,
				807F12C2254ADF9000B9753E /* Release */,
			);
			defaultConfigurationIsVisible = 0;
			defaultConfigurationName = Release;
		};
		807F12C3254ADF9000B9753E /* Build configuration list for PBXNativeTarget "audioo" */ = {
			isa = XCConfigurationList;
			buildConfigurations = (
				807F12C4254ADF9000B9753E /* Debug */,
				807F12C5254ADF9000B9753E /* Release */,
			);
			defaultConfigurationIsVisible = 0;
			defaultConfigurationName = Release;
		};
/* End XCConfigurationList section */

/* Begin XCVersionGroup section */
		807F12B8254ADF9000B9753E /* audioo.xcdatamodeld */ = {
			isa = XCVersionGroup;
			children = (
				807F12B9254ADF9000B9753E /* audioo.xcdatamodel */,
			);
			currentVersion = 807F12B9254ADF9000B9753E /* audioo.xcdatamodel */;
			path = audioo.xcdatamodeld;
			sourceTree = "<group>";
			versionGroupType = wrapper.xcdatamodel;
		};
/* End XCVersionGroup section */
	};
	rootObject = 807F12A4254ADF9000B9753E /* Project object */;
}
